
Microsoft Visual Studio Solution File, Format Version 12.00
# Visual Studio Version 17
VisualStudioVersion = 17.8.34511.84
MinimumVisualStudioVersion = 10.0.40219.1
Project("{FAE04EC0-301F-11D3-BF4B-00C04F79EFBC}") = "ANQA", "ANQA\ANQA.csproj", "{B3E327FA-8246-4782-9791-20458596AAED}"
EndProject
Project("{FAE04EC0-301F-11D3-BF4B-00C04F79EFBC}") = "ANQA.ApiHelper", "ANQA.Call\ANQA.ApiHelper.csproj", "{637453C1-F0E7-4B9A-8128-BF7315D251F3}"
EndProject
Global
	GlobalSection(SolutionConfigurationPlatforms) = preSolution
		Debug|Any CPU = Debug|Any CPU
		Release|Any CPU = Release|Any CPU
	EndGlobalSection
	GlobalSection(ProjectConfigurationPlatforms) = postSolution
		{B3E327FA-8246-4782-9791-20458596AAED}.Debug|Any CPU.ActiveCfg = Debug|Any CPU
		{B3E327FA-8246-4782-9791-20458596AAED}.Debug|Any CPU.Build.0 = Debug|Any CPU
		{B3E327FA-8246-4782-9791-20458596AAED}.Release|Any CPU.ActiveCfg = Release|Any CPU
		{B3E327FA-8246-4782-9791-20458596AAED}.Release|Any CPU.Build.0 = Release|Any CPU
		{637453C1-F0E7-4B9A-8128-BF7315D251F3}.Debug|Any CPU.ActiveCfg = Debug|Any CPU
		{637453C1-F0E7-4B9A-8128-BF7315D251F3}.Debug|Any CPU.Build.0 = Debug|Any CPU
		{637453C1-F0E7-4B9A-8128-BF7315D251F3}.Release|Any CPU.ActiveCfg = Release|Any CPU
		{637453C1-F0E7-4B9A-8128-BF7315D251F3}.Release|Any CPU.Build.0 = Release|Any CPU
	EndGlobalSection
	GlobalSection(SolutionProperties) = preSolution
		HideSolutionNode = FALSE
	EndGlobalSection
	GlobalSection(ExtensibilityGlobals) = postSolution
		SolutionGuid = {14A19829-CD0B-452F-A269-377E9BA5921E}
	EndGlobalSection
EndGlobal
